
Microsoft Visual Studio Solution File, Format Version 12.00
# Visual Studio Version 17
VisualStudioVersion = 17.14.36221.1
MinimumVisualStudioVersion = 10.0.40219.1
Project("{2150E333-8FDC-42A3-9474-1A3956D46DE8}") = "MSProducts", "MSProducts", "{02EA681E-C7D8-13C7-8484-4AC65E1B71E8}"
EndProject
Project("{2150E333-8FDC-42A3-9474-1A3956D46DE8}") = "1.Presentation", "1.Presentation", "{094368B1-E049-47EC-9902-772A4EFD08CC}"
EndProject
Project("{2150E333-8FDC-42A3-9474-1A3956D46DE8}") = "2.Application", "2.Application", "{02827265-B5A3-4C43-9E41-CECF6A38B70B}"
EndProject
Project("{2150E333-8FDC-42A3-9474-1A3956D46DE8}") = "3.Domain", "3.Domain", "{B409A2E4-E193-4401-8495-41D8AEC650B9}"
EndProject
Project("{2150E333-8FDC-42A3-9474-1A3956D46DE8}") = "4.Infraestructure", "4.Infraestructure", "{5A487580-BA1C-42BD-B080-4D35AF39EA15}"
EndProject
Project("{2150E333-8FDC-42A3-9474-1A3956D46DE8}") = "MSCustomers", "MSCustomers", "{3E7FE01A-5605-4490-B159-F46129B53C12}"
EndProject
Project("{2150E333-8FDC-42A3-9474-1A3956D46DE8}") = "1.Presentation", "1.Presentation", "{A5877ECB-1FF8-4FCF-9054-DD81877E0F63}"
EndProject
Project("{2150E333-8FDC-42A3-9474-1A3956D46DE8}") = "2.Application", "2.Application", "{03781011-D9CE-4300-B3EC-680DCEF26316}"
EndProject
Project("{2150E333-8FDC-42A3-9474-1A3956D46DE8}") = "3.Domain", "3.Domain", "{4229EC75-B2A3-4B11-AC6C-C522045C96AA}"
EndProject
Project("{2150E333-8FDC-42A3-9474-1A3956D46DE8}") = "4.Infraestructure", "4.Infraestructure", "{5E7161CD-773A-49F3-897D-985B12BED854}"
EndProject
Project("{2150E333-8FDC-42A3-9474-1A3956D46DE8}") = "MSOrders", "MSOrders", "{D1708F0F-AAF5-493C-8047-6D474EF1425C}"
EndProject
Project("{2150E333-8FDC-42A3-9474-1A3956D46DE8}") = "1.Presentation", "1.Presentation", "{171F5704-DB60-4D5A-A2F3-60AC9517609D}"
EndProject
Project("{2150E333-8FDC-42A3-9474-1A3956D46DE8}") = "2.Application", "2.Application", "{B53990F4-9C32-4D67-AAE7-897BE2BF0493}"
EndProject
Project("{2150E333-8FDC-42A3-9474-1A3956D46DE8}") = "3.Domain", "3.Domain", "{FB7CB695-721D-49FC-85FF-BE0CFBD1675D}"
EndProject
Project("{2150E333-8FDC-42A3-9474-1A3956D46DE8}") = "4.Infraestructure", "4.Infraestructure", "{417A2A9C-39D3-4748-A618-DB4F27E6F589}"
EndProject
Project("{FAE04EC0-301F-11D3-BF4B-00C04F79EFBC}") = "MSCustomers.Presentation", "MSCustomers.Presentation\MSCustomers.Presentation.csproj", "{3AB079A2-3541-43EA-A131-B0916A66CF52}"
EndProject
Project("{FAE04EC0-301F-11D3-BF4B-00C04F79EFBC}") = "MSCustomers.Application", "MSCustomers.Application\MSCustomers.Application.csproj", "{4B666EFF-DBB3-4768-8F89-C9719AA90EC8}"
EndProject
Project("{FAE04EC0-301F-11D3-BF4B-00C04F79EFBC}") = "MSCustomers.Domain", "MSCustomers.Domain\MSCustomers.Domain.csproj", "{24493C5E-B6C1-431F-B0CA-DFCB73B00F21}"
EndProject
Project("{FAE04EC0-301F-11D3-BF4B-00C04F79EFBC}") = "MSCustomers.Infraestructure", "MSCustomers.Infraestructure\MSCustomers.Infraestructure.csproj", "{C4EC69AC-A629-47AF-A0AF-A92939E1AF62}"
EndProject
Project("{FAE04EC0-301F-11D3-BF4B-00C04F79EFBC}") = "MSOrders.Presentation", "MSOrders.Presentation\MSOrders.Presentation.csproj", "{999D9F77-12EC-4569-B985-344C5FD97204}"
EndProject
Project("{FAE04EC0-301F-11D3-BF4B-00C04F79EFBC}") = "MSOrders.Application", "MSOrders.Application\MSOrders.Application.csproj", "{AF967393-4A6E-45D7-9DE2-B2728BC08058}"
EndProject
Project("{FAE04EC0-301F-11D3-BF4B-00C04F79EFBC}") = "MSOrders.Domain", "MSOrders.Domain\MSOrders.Domain.csproj", "{D46864F1-0C05-43D2-AEE3-E2072D401055}"
EndProject
Project("{FAE04EC0-301F-11D3-BF4B-00C04F79EFBC}") = "MSOrders.Infraestructure", "MSOrders.Infraestructure\MSOrders.Infraestructure.csproj", "{85EA9FA9-453D-42F5-9107-C1E6B6B3427D}"
EndProject
Project("{FAE04EC0-301F-11D3-BF4B-00C04F79EFBC}") = "MSProducts.Presentation", "MSProducts.Presentation\MSProducts.Presentation.csproj", "{F72A455B-C378-477A-8F48-0C1FAE63B4F6}"
EndProject
Project("{FAE04EC0-301F-11D3-BF4B-00C04F79EFBC}") = "MSProducts.Application", "MSProducts.Application\MSProducts.Application.csproj", "{D1EDEEC6-7643-4967-9F1B-CDB2C91B0D99}"
EndProject
Project("{FAE04EC0-301F-11D3-BF4B-00C04F79EFBC}") = "MSProducts.Domain", "MSProducts.Domain\MSProducts.Domain.csproj", "{224822AB-A8E1-4699-9254-B37D870B3A80}"
EndProject
Project("{FAE04EC0-301F-11D3-BF4B-00C04F79EFBC}") = "MSProducts.Infraestructure", "MSProducts.Infraestructure\MSProducts.Infraestructure.csproj", "{E3C9953A-8B88-4978-845C-CF49088452F0}"
EndProject
Global
	GlobalSection(SolutionConfigurationPlatforms) = preSolution
		Debug|Any CPU = Debug|Any CPU
		Release|Any CPU = Release|Any CPU
	EndGlobalSection
	GlobalSection(ProjectConfigurationPlatforms) = postSolution
		{3AB079A2-3541-43EA-A131-B0916A66CF52}.Debug|Any CPU.ActiveCfg = Debug|Any CPU
		{3AB079A2-3541-43EA-A131-B0916A66CF52}.Debug|Any CPU.Build.0 = Debug|Any CPU
		{3AB079A2-3541-43EA-A131-B0916A66CF52}.Release|Any CPU.ActiveCfg = Release|Any CPU
		{3AB079A2-3541-43EA-A131-B0916A66CF52}.Release|Any CPU.Build.0 = Release|Any CPU
		{4B666EFF-DBB3-4768-8F89-C9719AA90EC8}.Debug|Any CPU.ActiveCfg = Debug|Any CPU
		{4B666EFF-DBB3-4768-8F89-C9719AA90EC8}.Debug|Any CPU.Build.0 = Debug|Any CPU
		{4B666EFF-DBB3-4768-8F89-C9719AA90EC8}.Release|Any CPU.ActiveCfg = Release|Any CPU
		{4B666EFF-DBB3-4768-8F89-C9719AA90EC8}.Release|Any CPU.Build.0 = Release|Any CPU
		{24493C5E-B6C1-431F-B0CA-DFCB73B00F21}.Debug|Any CPU.ActiveCfg = Debug|Any CPU
		{24493C5E-B6C1-431F-B0CA-DFCB73B00F21}.Debug|Any CPU.Build.0 = Debug|Any CPU
		{24493C5E-B6C1-431F-B0CA-DFCB73B00F21}.Release|Any CPU.ActiveCfg = Release|Any CPU
		{24493C5E-B6C1-431F-B0CA-DFCB73B00F21}.Release|Any CPU.Build.0 = Release|Any CPU
		{C4EC69AC-A629-47AF-A0AF-A92939E1AF62}.Debug|Any CPU.ActiveCfg = Debug|Any CPU
		{C4EC69AC-A629-47AF-A0AF-A92939E1AF62}.Debug|Any CPU.Build.0 = Debug|Any CPU
		{C4EC69AC-A629-47AF-A0AF-A92939E1AF62}.Release|Any CPU.ActiveCfg = Release|Any CPU
		{C4EC69AC-A629-47AF-A0AF-A92939E1AF62}.Release|Any CPU.Build.0 = Release|Any CPU
		{999D9F77-12EC-4569-B985-344C5FD97204}.Debug|Any CPU.ActiveCfg = Debug|Any CPU
		{999D9F77-12EC-4569-B985-344C5FD97204}.Debug|Any CPU.Build.0 = Debug|Any CPU
		{999D9F77-12EC-4569-B985-344C5FD97204}.Release|Any CPU.ActiveCfg = Release|Any CPU
		{999D9F77-12EC-4569-B985-344C5FD97204}.Release|Any CPU.Build.0 = Release|Any CPU
		{AF967393-4A6E-45D7-9DE2-B2728BC08058}.Debug|Any CPU.ActiveCfg = Debug|Any CPU
		{AF967393-4A6E-45D7-9DE2-B2728BC08058}.Debug|Any CPU.Build.0 = Debug|Any CPU
		{AF967393-4A6E-45D7-9DE2-B2728BC08058}.Release|Any CPU.ActiveCfg = Release|Any CPU
		{AF967393-4A6E-45D7-9DE2-B2728BC08058}.Release|Any CPU.Build.0 = Release|Any CPU
		{D46864F1-0C05-43D2-AEE3-E2072D401055}.Debug|Any CPU.ActiveCfg = Debug|Any CPU
		{D46864F1-0C05-43D2-AEE3-E2072D401055}.Debug|Any CPU.Build.0 = Debug|Any CPU
		{D46864F1-0C05-43D2-AEE3-E2072D401055}.Release|Any CPU.ActiveCfg = Release|Any CPU
		{D46864F1-0C05-43D2-AEE3-E2072D401055}.Release|Any CPU.Build.0 = Release|Any CPU
		{85EA9FA9-453D-42F5-9107-C1E6B6B3427D}.Debug|Any CPU.ActiveCfg = Debug|Any CPU
		{85EA9FA9-453D-42F5-9107-C1E6B6B3427D}.Debug|Any CPU.Build.0 = Debug|Any CPU
		{85EA9FA9-453D-42F5-9107-C1E6B6B3427D}.Release|Any CPU.ActiveCfg = Release|Any CPU
		{85EA9FA9-453D-42F5-9107-C1E6B6B3427D}.Release|Any CPU.Build.0 = Release|Any CPU
		{F72A455B-C378-477A-8F48-0C1FAE63B4F6}.Debug|Any CPU.ActiveCfg = Debug|Any CPU
		{F72A455B-C378-477A-8F48-0C1FAE63B4F6}.Debug|Any CPU.Build.0 = Debug|Any CPU
		{F72A455B-C378-477A-8F48-0C1FAE63B4F6}.Release|Any CPU.ActiveCfg = Release|Any CPU
		{F72A455B-C378-477A-8F48-0C1FAE63B4F6}.Release|Any CPU.Build.0 = Release|Any CPU
		{D1EDEEC6-7643-4967-9F1B-CDB2C91B0D99}.Debug|Any CPU.ActiveCfg = Debug|Any CPU
		{D1EDEEC6-7643-4967-9F1B-CDB2C91B0D99}.Debug|Any CPU.Build.0 = Debug|Any CPU
		{D1EDEEC6-7643-4967-9F1B-CDB2C91B0D99}.Release|Any CPU.ActiveCfg = Release|Any CPU
		{D1EDEEC6-7643-4967-9F1B-CDB2C91B0D99}.Release|Any CPU.Build.0 = Release|Any CPU
		{224822AB-A8E1-4699-9254-B37D870B3A80}.Debug|Any CPU.ActiveCfg = Debug|Any CPU
		{224822AB-A8E1-4699-9254-B37D870B3A80}.Debug|Any CPU.Build.0 = Debug|Any CPU
		{224822AB-A8E1-4699-9254-B37D870B3A80}.Release|Any CPU.ActiveCfg = Release|Any CPU
		{224822AB-A8E1-4699-9254-B37D870B3A80}.Release|Any CPU.Build.0 = Release|Any CPU
		{E3C9953A-8B88-4978-845C-CF49088452F0}.Debug|Any CPU.ActiveCfg = Debug|Any CPU
		{E3C9953A-8B88-4978-845C-CF49088452F0}.Debug|Any CPU.Build.0 = Debug|Any CPU
		{E3C9953A-8B88-4978-845C-CF49088452F0}.Release|Any CPU.ActiveCfg = Release|Any CPU
		{E3C9953A-8B88-4978-845C-CF49088452F0}.Release|Any CPU.Build.0 = Release|Any CPU
	EndGlobalSection
	GlobalSection(SolutionProperties) = preSolution
		HideSolutionNode = FALSE
	EndGlobalSection
	GlobalSection(NestedProjects) = preSolution
		{094368B1-E049-47EC-9902-772A4EFD08CC} = {02EA681E-C7D8-13C7-8484-4AC65E1B71E8}
		{02827265-B5A3-4C43-9E41-CECF6A38B70B} = {02EA681E-C7D8-13C7-8484-4AC65E1B71E8}
		{B409A2E4-E193-4401-8495-41D8AEC650B9} = {02EA681E-C7D8-13C7-8484-4AC65E1B71E8}
		{5A487580-BA1C-42BD-B080-4D35AF39EA15} = {02EA681E-C7D8-13C7-8484-4AC65E1B71E8}
		{A5877ECB-1FF8-4FCF-9054-DD81877E0F63} = {3E7FE01A-5605-4490-B159-F46129B53C12}
		{03781011-D9CE-4300-B3EC-680DCEF26316} = {3E7FE01A-5605-4490-B159-F46129B53C12}
		{4229EC75-B2A3-4B11-AC6C-C522045C96AA} = {3E7FE01A-5605-4490-B159-F46129B53C12}
		{5E7161CD-773A-49F3-897D-985B12BED854} = {3E7FE01A-5605-4490-B159-F46129B53C12}
		{171F5704-DB60-4D5A-A2F3-60AC9517609D} = {D1708F0F-AAF5-493C-8047-6D474EF1425C}
		{B53990F4-9C32-4D67-AAE7-897BE2BF0493} = {D1708F0F-AAF5-493C-8047-6D474EF1425C}
		{FB7CB695-721D-49FC-85FF-BE0CFBD1675D} = {D1708F0F-AAF5-493C-8047-6D474EF1425C}
		{417A2A9C-39D3-4748-A618-DB4F27E6F589} = {D1708F0F-AAF5-493C-8047-6D474EF1425C}
		{3AB079A2-3541-43EA-A131-B0916A66CF52} = {A5877ECB-1FF8-4FCF-9054-DD81877E0F63}
		{4B666EFF-DBB3-4768-8F89-C9719AA90EC8} = {03781011-D9CE-4300-B3EC-680DCEF26316}
		{24493C5E-B6C1-431F-B0CA-DFCB73B00F21} = {4229EC75-B2A3-4B11-AC6C-C522045C96AA}
		{C4EC69AC-A629-47AF-A0AF-A92939E1AF62} = {5E7161CD-773A-49F3-897D-985B12BED854}
		{999D9F77-12EC-4569-B985-344C5FD97204} = {171F5704-DB60-4D5A-A2F3-60AC9517609D}
		{AF967393-4A6E-45D7-9DE2-B2728BC08058} = {B53990F4-9C32-4D67-AAE7-897BE2BF0493}
		{D46864F1-0C05-43D2-AEE3-E2072D401055} = {FB7CB695-721D-49FC-85FF-BE0CFBD1675D}
		{85EA9FA9-453D-42F5-9107-C1E6B6B3427D} = {417A2A9C-39D3-4748-A618-DB4F27E6F589}
		{F72A455B-C378-477A-8F48-0C1FAE63B4F6} = {094368B1-E049-47EC-9902-772A4EFD08CC}
		{D1EDEEC6-7643-4967-9F1B-CDB2C91B0D99} = {02827265-B5A3-4C43-9E41-CECF6A38B70B}
		{224822AB-A8E1-4699-9254-B37D870B3A80} = {B409A2E4-E193-4401-8495-41D8AEC650B9}
		{E3C9953A-8B88-4978-845C-CF49088452F0} = {5A487580-BA1C-42BD-B080-4D35AF39EA15}
	EndGlobalSection
	GlobalSection(ExtensibilityGlobals) = postSolution
		SolutionGuid = {6E4F136E-BF29-4EEE-B734-D45D8399587D}
	EndGlobalSection
EndGlobal
